// !$*UTF8*$!
{
	archiveVersion = 1;
	classes = {
	};
	objectVersion = 56;
	objects = {

/* Begin PBXBuildFile section */
		DD649F1D2C4AD7FD002FAB84 /* Localizable.strings in Resources */ = {isa = PBXBuildFile; fileRef = DD649F1B2C4AD7FD002FAB84 /* Localizable.strings */; };
		DDEA25032C4ABA9300C4A299 /* AppDelegate.swift in Sources */ = {isa = PBXBuildFile; fileRef = DDEA25022C4ABA9300C4A299 /* AppDelegate.swift */; };
		DDEA25052C4ABA9300C4A299 /* SceneDelegate.swift in Sources */ = {isa = PBXBuildFile; fileRef = DDEA25042C4ABA9300C4A299 /* SceneDelegate.swift */; };
		DDEA25072C4ABA9300C4A299 /* ViewController.swift in Sources */ = {isa = PBXBuildFile; fileRef = DDEA25062C4ABA9300C4A299 /* ViewController.swift */; };
		DDEA250A2C4ABA9300C4A299 /* Base in Resources */ = {isa = PBXBuildFile; fileRef = DDEA25092C4ABA9300C4A299 /* Base */; };
		DDEA250C2C4ABA9400C4A299 /* Assets.xcassets in Resources */ = {isa = PBXBuildFile; fileRef = DDEA250B2C4ABA9400C4A299 /* Assets.xcassets */; };
		DDEA250F2C4ABA9400C4A299 /* Base in Resources */ = {isa = PBXBuildFile; fileRef = DDEA250E2C4ABA9400C4A299 /* Base */; };
		DDEA25172C4AC2BA00C4A299 /* WeatherCell.swift in Sources */ = {isa = PBXBuildFile; fileRef = DDEA25162C4AC2BA00C4A299 /* WeatherCell.swift */; };
/* End PBXBuildFile section */

/* Begin PBXFileReference section */
		DD649F1C2C4AD7FD002FAB84 /* en */ = {isa = PBXFileReference; lastKnownFileType = text.plist.strings; name = en; path = en.lproj/Localizable.strings; sourceTree = "<group>"; };
		DD649F1E2C4AD91C002FAB84 /* ru */ = {isa = PBXFileReference; lastKnownFileType = text.plist.strings; name = ru; path = ru.lproj/Localizable.strings; sourceTree = "<group>"; };
		DDEA24FF2C4ABA9300C4A299 /* vk_test.app */ = {isa = PBXFileReference; explicitFileType = wrapper.application; includeInIndex = 0; path = vk_test.app; sourceTree = BUILT_PRODUCTS_DIR; };
		DDEA25022C4ABA9300C4A299 /* AppDelegate.swift */ = {isa = PBXFileReference; lastKnownFileType = sourcecode.swift; path = AppDelegate.swift; sourceTree = "<group>"; };
		DDEA25042C4ABA9300C4A299 /* SceneDelegate.swift */ = {isa = PBXFileReference; lastKnownFileType = sourcecode.swift; path = SceneDelegate.swift; sourceTree = "<group>"; };
		DDEA25062C4ABA9300C4A299 /* ViewController.swift */ = {isa = PBXFileReference; lastKnownFileType = sourcecode.swift; path = ViewController.swift; sourceTree = "<group>"; };
		DDEA25092C4ABA9300C4A299 /* Base */ = {isa = PBXFileReference; lastKnownFileType = file.storyboard; name = Base; path = Base.lproj/Main.storyboard; sourceTree = "<group>"; };
		DDEA250B2C4ABA9400C4A299 /* Assets.xcassets */ = {isa = PBXFileReference; lastKnownFileType = folder.assetcatalog; path = Assets.xcassets; sourceTree = "<group>"; };
		DDEA250E2C4ABA9400C4A299 /* Base */ = {isa = PBXFileReference; lastKnownFileType = file.storyboard; name = Base; path = Base.lproj/LaunchScreen.storyboard; sourceTree = "<group>"; };
		DDEA25102C4ABA9400C4A299 /* Info.plist */ = {isa = PBXFileReference; lastKnownFileType = text.plist.xml; path = Info.plist; sourceTree = "<group>"; };
		DDEA25162C4AC2BA00C4A299 /* WeatherCell.swift */ = {isa = PBXFileReference; lastKnownFileType = sourcecode.swift; path = WeatherCell.swift; sourceTree = "<group>"; };
/* End PBXFileReference section */

/* Begin PBXFrameworksBuildPhase section */
		DDEA24FC2C4ABA9300C4A299 /* Frameworks */ = {
			isa = PBXFrameworksBuildPhase;
			buildActionMask = 2147483647;
			files = (
			);
			runOnlyForDeploymentPostprocessing = 0;
		};
/* End PBXFrameworksBuildPhase section */

/* Begin PBXGroup section */
		DDEA24F62C4ABA9300C4A299 = {
			isa = PBXGroup;
			children = (
				DDEA25012C4ABA9300C4A299 /* vk_test */,
				DDEA25002C4ABA9300C4A299 /* Products */,
			);
			sourceTree = "<group>";
		};
		DDEA25002C4ABA9300C4A299 /* Products */ = {
			isa = PBXGroup;
			children = (
				DDEA24FF2C4ABA9300C4A299 /* vk_test.app */,
			);
			name = Products;
			sourceTree = "<group>";
		};
		DDEA25012C4ABA9300C4A299 /* vk_test */ = {
			isa = PBXGroup;
			children = (
				DDEA25022C4ABA9300C4A299 /* AppDelegate.swift */,
				DDEA25042C4ABA9300C4A299 /* SceneDelegate.swift */,
				DDEA25062C4ABA9300C4A299 /* ViewController.swift */,
				DDEA25082C4ABA9300C4A299 /* Main.storyboard */,
				DDEA250B2C4ABA9400C4A299 /* Assets.xcassets */,
				DDEA250D2C4ABA9400C4A299 /* LaunchScreen.storyboard */,
				DDEA25102C4ABA9400C4A299 /* Info.plist */,
				DDEA25162C4AC2BA00C4A299 /* WeatherCell.swift */,
				DD649F1B2C4AD7FD002FAB84 /* Localizable.strings */,
			);
			path = vk_test;
			sourceTree = "<group>";
		};
/* End PBXGroup section */

/* Begin PBXNativeTarget section */
		DDEA24FE2C4ABA9300C4A299 /* vk_test */ = {
			isa = PBXNativeTarget;
			buildConfigurationList = DDEA25132C4ABA9400C4A299 /* Build configuration list for PBXNativeTarget "vk_test" */;
			buildPhases = (
				DDEA24FB2C4ABA9300C4A299 /* Sources */,
				DDEA24FC2C4ABA9300C4A299 /* Frameworks */,
				DDEA24FD2C4ABA9300C4A299 /* Resources */,
			);
			buildRules = (
			);
			dependencies = (
			);
			name = vk_test;
			productName = vk_test;
			productReference = DDEA24FF2C4ABA9300C4A299 /* vk_test.app */;
			productType = "com.apple.product-type.application";
		};
/* End PBXNativeTarget section */

/* Begin PBXProject section */
		DDEA24F72C4ABA9300C4A299 /* Project object */ = {
			isa = PBXProject;
			attributes = {
				BuildIndependentTargetsInParallel = 1;
				LastSwiftUpdateCheck = 1540;
				LastUpgradeCheck = 1540;
				TargetAttributes = {
					DDEA24FE2C4ABA9300C4A299 = {
						CreatedOnToolsVersion = 15.4;
					};
				};
			};
			buildConfigurationList = DDEA24FA2C4ABA9300C4A299 /* Build configuration list for PBXProject "vk_test" */;
			compatibilityVersion = "Xcode 14.0";
			developmentRegion = en;
			hasScannedForEncodings = 0;
			knownRegions = (
				en,
				Base,
				ru,
			);
			mainGroup = DDEA24F62C4ABA9300C4A299;
			productRefGroup = DDEA25002C4ABA9300C4A299 /* Products */;
			projectDirPath = "";
			projectRoot = "";
			targets = (
				DDEA24FE2C4ABA9300C4A299 /* vk_test */,
			);
		};
/* End PBXProject section */

/* Begin PBXResourcesBuildPhase section */
		DDEA24FD2C4ABA9300C4A299 /* Resources */ = {
			isa = PBXResourcesBuildPhase;
			buildActionMask = 2147483647;
			files = (
				DDEA250C2C4ABA9400C4A299 /* Assets.xcassets in Resources */,
				DD649F1D2C4AD7FD002FAB84 /* Localizable.strings in Resources */,
				DDEA250F2C4ABA9400C4A299 /* Base in Resources */,
				DDEA250A2C4ABA9300C4A299 /* Base in Resources */,
			);
			runOnlyForDeploymentPostprocessing = 0;
		};
/* End PBXResourcesBuildPhase section */

/* Begin PBXSourcesBuildPhase section */
		DDEA24FB2C4ABA9300C4A299 /* Sources */ = {
			isa = PBXSourcesBuildPhase;
			buildActionMask = 2147483647;
			files = (
				DDEA25172C4AC2BA00C4A299 /* WeatherCell.swift in Sources */,
				DDEA25072C4ABA9300C4A299 /* ViewController.swift in Sources */,
				DDEA25032C4ABA9300C4A299 /* AppDelegate.swift in Sources */,
				DDEA25052C4ABA9300C4A299 /* SceneDelegate.swift in Sources */,
			);
			runOnlyForDeploymentPostprocessing = 0;
		};
/* End PBXSourcesBuildPhase section */

/* Begin PBXVariantGroup section */
		DD649F1B2C4AD7FD002FAB84 /* Localizable.strings */ = {
			isa = PBXVariantGroup;
			children = (
				DD649F1C2C4AD7FD002FAB84 /* en */,
				DD649F1E2C4AD91C002FAB84 /* ru */,
			);
			name = Localizable.strings;
			sourceTree = "<group>";
		};
		DDEA25082C4ABA9300C4A299 /* Main.storyboard */ = {
			isa = PBXVariantGroup;
			children = (
				DDEA25092C4ABA9300C4A299 /* Base */,
			);
			name = Main.storyboard;
			sourceTree = "<group>";
		};
		DDEA250D2C4ABA9400C4A299 /* LaunchScreen.storyboard */ = {
			isa = PBXVariantGroup;
			children = (
				DDEA250E2C4ABA9400C4A299 /* Base */,
			);
			name = LaunchScreen.storyboard;
			sourceTree = "<group>";
		};
/* End PBXVariantGroup section */

/* Begin XCBuildConfiguration section */
		DDEA25112C4ABA9400C4A299 /* Debug */ = {
			isa = XCBuildConfiguration;
			buildSettings = {
				ALWAYS_SEARCH_USER_PATHS = NO;
				ASSETCATALOG_COMPILER_GENERATE_SWIFT_ASSET_SYMBOL_EXTENSIONS = YES;
				CLANG_ANALYZER_LOCALIZABILITY_NONLOCALIZED = YES;
				CLANG_ANALYZER_NONNULL = YES;
				CLANG_ANALYZER_NUMBER_OBJECT_CONVERSION = YES_AGGRESSIVE;
				CLANG_CXX_LANGUAGE_STANDARD = "gnu++20";
				CLANG_ENABLE_MODULES = YES;
				CLANG_ENABLE_OBJC_ARC = YES;
				CLANG_ENABLE_OBJC_WEAK = YES;
				CLANG_WARN_BLOCK_CAPTURE_AUTORELEASING = YES;
				CLANG_WARN_BOOL_CONVERSION = YES;
				CLANG_WARN_COMMA = YES;
				CLANG_WARN_CONSTANT_CONVERSION = YES;
				CLANG_WARN_DEPRECATED_OBJC_IMPLEMENTATIONS = YES;
				CLANG_WARN_DIRECT_OBJC_ISA_USAGE = YES_ERROR;
				CLANG_WARN_DOCUMENTATION_COMMENTS = YES;
				CLANG_WARN_EMPTY_BODY = YES;
				CLANG_WARN_ENUM_CONVERSION = YES;
				CLANG_WARN_INFINITE_RECURSION = YES;
				CLANG_WARN_INT_CONVERSION = YES;
				CLANG_WARN_NON_LITERAL_NULL_CONVERSION = YES;
				CLANG_WARN_OBJC_IMPLICIT_RETAIN_SELF = YES;
				CLANG_WARN_OBJC_LITERAL_CONVERSION = YES;
				CLANG_WARN_OBJC_ROOT_CLASS = YES_ERROR;
				CLANG_WARN_QUOTED_INCLUDE_IN_FRAMEWORK_HEADER = YES;
				CLANG_WARN_RANGE_LOOP_ANALYSIS = YES;
				CLANG_WARN_STRICT_PROTOTYPES = YES;
				CLANG_WARN_SUSPICIOUS_MOVE = YES;
				CLANG_WARN_UNGUARDED_AVAILABILITY = YES_AGGRESSIVE;
				CLANG_WARN_UNREACHABLE_CODE = YES;
				CLANG_WARN__DUPLICATE_METHOD_MATCH = YES;
				COPY_PHASE_STRIP = NO;
				DEBUG_INFORMATION_FORMAT = dwarf;
				ENABLE_STRICT_OBJC_MSGSEND = YES;
				ENABLE_TESTABILITY = YES;
				ENABLE_USER_SCRIPT_SANDBOXING = YES;
				GCC_C_LANGUAGE_STANDARD = gnu17;
				GCC_DYNAMIC_NO_PIC = NO;
				GCC_NO_COMMON_BLOCKS = YES;
				GCC_OPTIMIZATION_LEVEL = 0;
				GCC_PREPROCESSOR_DEFINITIONS = (
					"DEBUG=1",
					"$(inherited)",
				);
				GCC_WARN_64_TO_32_BIT_CONVERSION = YES;
				GCC_WARN_ABOUT_RETURN_TYPE = YES_ERROR;
				GCC_WARN_UNDECLARED_SELECTOR = YES;
				GCC_WARN_UNINITIALIZED_AUTOS = YES_AGGRESSIVE;
				GCC_WARN_UNUSED_FUNCTION = YES;
				GCC_WARN_UNUSED_VARIABLE = YES;
				IPHONEOS_DEPLOYMENT_TARGET = 17.5;
				LOCALIZATION_PREFERS_STRING_CATALOGS = YES;
				MTL_ENABLE_DEBUG_INFO = INCLUDE_SOURCE;
				MTL_FAST_MATH = YES;
				ONLY_ACTIVE_ARCH = YES;
				SDKROOT = iphoneos;
				SWIFT_ACTIVE_COMPILATION_CONDITIONS = "DEBUG $(inherited)";
				SWIFT_OPTIMIZATION_LEVEL = "-Onone";
			};
			name = Debug;
		};
		DDEA25122C4ABA9400C4A299 /* Release */ = {
			isa = XCBuildConfiguration;
			buildSettings = {
				ALWAYS_SEARCH_USER_PATHS = NO;
				ASSETCATALOG_COMPILER_GENERATE_SWIFT_ASSET_SYMBOL_EXTENSIONS = YES;
				CLANG_ANALYZER_LOCALIZABILITY_NONLOCALIZED = YES;
				CLANG_ANALYZER_NONNULL = YES;
				CLANG_ANALYZER_NUMBER_OBJECT_CONVERSION = YES_AGGRESSIVE;
				CLANG_CXX_LANGUAGE_STANDARD = "gnu++20";
				CLANG_ENABLE_MODULES = YES;
				CLANG_ENABLE_OBJC_ARC = YES;
				CLANG_ENABLE_OBJC_WEAK = YES;
				CLANG_WARN_BLOCK_CAPTURE_AUTORELEASING = YES;
				CLANG_WARN_BOOL_CONVERSION = YES;
				CLANG_WARN_COMMA = YES;
				CLANG_WARN_CONSTANT_CONVERSION = YES;
				CLANG_WARN_DEPRECATED_OBJC_IMPLEMENTATIONS = YES;
				CLANG_WARN_DIRECT_OBJC_ISA_USAGE = YES_ERROR;
				CLANG_WARN_DOCUMENTATION_COMMENTS = YES;
				CLANG_WARN_EMPTY_BODY = YES;
				CLANG_WARN_ENUM_CONVERSION = YES;
				CLANG_WARN_INFINITE_RECURSION = YES;
				CLANG_WARN_INT_CONVERSION = YES;
				CLANG_WARN_NON_LITERAL_NULL_CONVERSION = YES;
				CLANG_WARN_OBJC_IMPLICIT_RETAIN_SELF = YES;
				CLANG_WARN_OBJC_LITERAL_CONVERSION = YES;
				CLANG_WARN_OBJC_ROOT_CLASS = YES_ERROR;
				CLANG_WARN_QUOTED_INCLUDE_IN_FRAMEWORK_HEADER = YES;
				CLANG_WARN_RANGE_LOOP_ANALYSIS = YES;
				CLANG_WARN_STRICT_PROTOTYPES = YES;
				CLANG_WARN_SUSPICIOUS_MOVE = YES;
				CLANG_WARN_UNGUARDED_AVAILABILITY = YES_AGGRESSIVE;
				CLANG_WARN_UNREACHABLE_CODE = YES;
				CLANG_WARN__DUPLICATE_METHOD_MATCH = YES;
				COPY_PHASE_STRIP = NO;
				DEBUG_INFORMATION_FORMAT = "dwarf-with-dsym";
				ENABLE_NS_ASSERTIONS = NO;
				ENABLE_STRICT_OBJC_MSGSEND = YES;
				ENABLE_USER_SCRIPT_SANDBOXING = YES;
				GCC_C_LANGUAGE_STANDARD = gnu17;
				GCC_NO_COMMON_BLOCKS = YES;
				GCC_WARN_64_TO_32_BIT_CONVERSION = YES;
				GCC_WARN_ABOUT_RETURN_TYPE = YES_ERROR;
				GCC_WARN_UNDECLARED_SELECTOR = YES;
				GCC_WARN_UNINITIALIZED_AUTOS = YES_AGGRESSIVE;
				GCC_WARN_UNUSED_FUNCTION = YES;
				GCC_WARN_UNUSED_VARIABLE = YES;
				IPHONEOS_DEPLOYMENT_TARGET = 17.5;
				LOCALIZATION_PREFERS_STRING_CATALOGS = YES;
				MTL_ENABLE_DEBUG_INFO = NO;
				MTL_FAST_MATH = YES;
				SDKROOT = iphoneos;
				SWIFT_COMPILATION_MODE = wholemodule;
				VALIDATE_PRODUCT = YES;
			};
			name = Release;
		};
		DDEA25142C4ABA9400C4A299 /* Debug */ = {
			isa = XCBuildConfiguration;
			buildSettings = {
				ASSETCATALOG_COMPILER_APPICON_NAME = AppIcon;
				ASSETCATALOG_COMPILER_GLOBAL_ACCENT_COLOR_NAME = AccentColor;
				CODE_SIGN_STYLE = Automatic;
				CURRENT_PROJECT_VERSION = 1;
				DEVELOPMENT_TEAM = DJ29JCMZS9;
				GENERATE_INFOPLIST_FILE = YES;
				INFOPLIST_FILE = vk_test/Info.plist;
				INFOPLIST_KEY_UIApplicationSupportsIndirectInputEvents = YES;
				INFOPLIST_KEY_UILaunchStoryboardName = LaunchScreen;
				INFOPLIST_KEY_UIMainStoryboardFile = Main;
				INFOPLIST_KEY_UISupportedInterfaceOrientations = UIInterfaceOrientationPortrait;
				LD_RUNPATH_SEARCH_PATHS = (
					"$(inherited)",
					"@executable_path/Frameworks",
				);
				MARKETING_VERSION = 1.0;
				PRODUCT_BUNDLE_IDENTIFIER = "tester.vk-test";
				PRODUCT_NAME = "$(TARGET_NAME)";
				SWIFT_EMIT_LOC_STRINGS = YES;
				SWIFT_VERSION = 5.0;
				TARGETED_DEVICE_FAMILY = "1,2";
			};
			name = Debug;
		};
		DDEA25152C4ABA9400C4A299 /* Release */ = {
			isa = XCBuildConfiguration;
			buildSettings = {
				ASSETCATALOG_COMPILER_APPICON_NAME = AppIcon;
				ASSETCATALOG_COMPILER_GLOBAL_ACCENT_COLOR_NAME = AccentColor;
				CODE_SIGN_STYLE = Automatic;
				CURRENT_PROJECT_VERSION = 1;
				DEVELOPMENT_TEAM = DJ29JCMZS9;
				GENERATE_INFOPLIST_FILE = YES;
				INFOPLIST_FILE = vk_test/Info.plist;
				INFOPLIST_KEY_UIApplicationSupportsIndirectInputEvents = YES;
				INFOPLIST_KEY_UILaunchStoryboardName = LaunchScreen;
				INFOPLIST_KEY_UIMainStoryboardFile = Main;
				INFOPLIST_KEY_UISupportedInterfaceOrientations = UIInterfaceOrientationPortrait;
				LD_RUNPATH_SEARCH_PATHS = (
					"$(inherited)",
					"@executable_path/Frameworks",
				);
				MARKETING_VERSION = 1.0;
				PRODUCT_BUNDLE_IDENTIFIER = "tester.vk-test";
				PRODUCT_NAME = "$(TARGET_NAME)";
				SWIFT_EMIT_LOC_STRINGS = YES;
				SWIFT_VERSION = 5.0;
				TARGETED_DEVICE_FAMILY = "1,2";
			};
			name = Release;
		};
/* End XCBuildConfiguration section */

/* Begin XCConfigurationList section */
		DDEA24FA2C4ABA9300C4A299 /* Build configuration list for PBXProject "vk_test" */ = {
			isa = XCConfigurationList;
			buildConfigurations = (
				DDEA25112C4ABA9400C4A299 /* Debug */,
				DDEA25122C4ABA9400C4A299 /* Release */,
			);
			defaultConfigurationIsVisible = 0;
			defaultConfigurationName = Release;
		};
		DDEA25132C4ABA9400C4A299 /* Build configuration list for PBXNativeTarget "vk_test" */ = {
			isa = XCConfigurationList;
			buildConfigurations = (
				DDEA25142C4ABA9400C4A299 /* Debug */,
				DDEA25152C4ABA9400C4A299 /* Release */,
			);
			defaultConfigurationIsVisible = 0;
			defaultConfigurationName = Release;
		};
/* End XCConfigurationList section */
	};
	rootObject = DDEA24F72C4ABA9300C4A299 /* Project object */;
}
